
Microsoft Visual Studio Solution File, Format Version 12.00
# Visual Studio Version 17
VisualStudioVersion = 17.9.34701.34
MinimumVisualStudioVersion = 10.0.40219.1
Project("{FAE04EC0-301F-11D3-BF4B-00C04F79EFBC}") = "School_mediator_bot", "School_mediator_bot.csproj", "{B2DBB31B-3DF2-4438-83C0-CC7F551CD58E}"
EndProject
Global
	GlobalSection(SolutionConfigurationPlatforms) = preSolution
		Debug|Any CPU = Debug|Any CPU
		Release|Any CPU = Release|Any CPU
	EndGlobalSection
	GlobalSection(ProjectConfigurationPlatforms) = postSolution
		{B2DBB31B-3DF2-4438-83C0-CC7F551CD58E}.Debug|Any CPU.ActiveCfg = Debug|Any CPU
		{B2DBB31B-3DF2-4438-83C0-CC7F551CD58E}.Debug|Any CPU.Build.0 = Debug|Any CPU
		{B2DBB31B-3DF2-4438-83C0-CC7F551CD58E}.Release|Any CPU.ActiveCfg = Release|Any CPU
		{B2DBB31B-3DF2-4438-83C0-CC7F551CD58E}.Release|Any CPU.Build.0 = Release|Any CPU
	EndGlobalSection
	GlobalSection(SolutionProperties) = preSolution
		HideSolutionNode = FALSE
	EndGlobalSection
	GlobalSection(ExtensibilityGlobals) = postSolution
		SolutionGuid = {AE721EBB-6692-466D-B2B0-51A2D8F90F9D}
	EndGlobalSection
EndGlobal
